Microsoft Visual Studio Solution File, Format Version 11.00
# Visual Studio 2008

Project("{ECB7AEC9-0EEB-CA1D-3160-090B5E94CE60}") = "opw2.0", "Assembly-CSharp.csproj", "{3F43520E-5554-9A19-F19E-BEAFE9934EC7}"
EndProject
Project("{ECB7AEC9-0EEB-CA1D-3160-090B5E94CE60}") = "opw2.0", "Assembly-CSharp-Editor.csproj", "{3CC7005F-A3CB-93E4-B9AE-5213AA3F9D1A}"
EndProject
Global
	GlobalSection(SolutionConfigurationPlatforms) = preSolution
		Debug|Any CPU = Debug|Any CPU
		Release|Any CPU = Release|Any CPU
	EndGlobalSection
	GlobalSection(ProjectConfigurationPlatforms) = postSolution
		{3F43520E-5554-9A19-F19E-BEAFE9934EC7}.Debug|Any CPU.ActiveCfg = Debug|Any CPU
		{3F43520E-5554-9A19-F19E-BEAFE9934EC7}.Debug|Any CPU.Build.0 = Debug|Any CPU
		{3F43520E-5554-9A19-F19E-BEAFE9934EC7}.Release|Any CPU.ActiveCfg = Release|Any CPU
		{3F43520E-5554-9A19-F19E-BEAFE9934EC7}.Release|Any CPU.Build.0 = Release|Any CPU
		{3CC7005F-A3CB-93E4-B9AE-5213AA3F9D1A}.Debug|Any CPU.ActiveCfg = Debug|Any CPU
		{3CC7005F-A3CB-93E4-B9AE-5213AA3F9D1A}.Debug|Any CPU.Build.0 = Debug|Any CPU
		{3CC7005F-A3CB-93E4-B9AE-5213AA3F9D1A}.Release|Any CPU.ActiveCfg = Release|Any CPU
		{3CC7005F-A3CB-93E4-B9AE-5213AA3F9D1A}.Release|Any CPU.Build.0 = Release|Any CPU
	EndGlobalSection
	GlobalSection(SolutionProperties) = preSolution
		HideSolutionNode = FALSE
	EndGlobalSection
																																																																																																			GlobalSection(MonoDevelopProperties) = preSolution
		StartupItem = Assembly-CSharp.csproj
		Policies = $0
		$0.TextStylePolicy = $1
		$1.inheritsSet = null
		$1.scope = text/x-csharp
		$0.CSharpFormattingPolicy = $2
		$2.inheritsSet = Mono
		$2.inheritsScope = text/x-csharp
		$2.scope = text/x-csharp
		$0.TextStylePolicy = $3
		$3.FileWidth = 120
		$3.TabWidth = 4
		$3.EolMarker = Unix
		$3.inheritsSet = Mono
		$3.inheritsScope = text/plain
		$3.scope = text/plain
	EndGlobalSection

EndGlobal
